// !$*UTF8*$!
{
	archiveVersion = 1;
	classes = {
	};
	objectVersion = 50;
	objects = {

/* Begin PBXBuildFile section */
		711988DA26A76BF3009831E9 /* AppDelegate.swift in Sources */ = {isa = PBXBuildFile; fileRef = 711988D926A76BF3009831E9 /* AppDelegate.swift */; };
		711988DC26A76BF3009831E9 /* SceneDelegate.swift in Sources */ = {isa = PBXBuildFile; fileRef = 711988DB26A76BF3009831E9 /* SceneDelegate.swift */; };
		711988DE26A76BF3009831E9 /* ViewController.swift in Sources */ = {isa = PBXBuildFile; fileRef = 711988DD26A76BF3009831E9 /* ViewController.swift */; };
		711988E126A76BF3009831E9 /* Main.storyboard in Resources */ = {isa = PBXBuildFile; fileRef = 711988DF26A76BF3009831E9 /* Main.storyboard */; };
		711988E426A76BF3009831E9 /* KWK2021FinalProject.xcdatamodeld in Sources */ = {isa = PBXBuildFile; fileRef = 711988E226A76BF3009831E9 /* KWK2021FinalProject.xcdatamodeld */; };
		711988E626A76BF5009831E9 /* Assets.xcassets in Resources */ = {isa = PBXBuildFile; fileRef = 711988E526A76BF5009831E9 /* Assets.xcassets */; };
		711988E926A76BF5009831E9 /* LaunchScreen.storyboard in Resources */ = {isa = PBXBuildFile; fileRef = 711988E726A76BF5009831E9 /* LaunchScreen.storyboard */; };
		711988F426A76BF5009831E9 /* KWK2021FinalProjectTests.swift in Sources */ = {isa = PBXBuildFile; fileRef = 711988F326A76BF5009831E9 /* KWK2021FinalProjectTests.swift */; };
		711988FF26A76BF5009831E9 /* KWK2021FinalProjectUITests.swift in Sources */ = {isa = PBXBuildFile; fileRef = 711988FE26A76BF5009831E9 /* KWK2021FinalProjectUITests.swift */; };
		7119890F26A9EFDE009831E9 /* ToDoTableViewController.swift in Sources */ = {isa = PBXBuildFile; fileRef = 7119890E26A9EFDE009831E9 /* ToDoTableViewController.swift */; };
		7119891126A9F053009831E9 /* ToDo.swift in Sources */ = {isa = PBXBuildFile; fileRef = 7119891026A9F053009831E9 /* ToDo.swift */; };
		7119891326AA0A23009831E9 /* AddToDoViewController.swift in Sources */ = {isa = PBXBuildFile; fileRef = 7119891226AA0A23009831E9 /* AddToDoViewController.swift */; };
		9E2C5BE926A8A61C00F859C5 /* AnnouncementsViewController.swift in Sources */ = {isa = PBXBuildFile; fileRef = 9E2C5BE826A8A61C00F859C5 /* AnnouncementsViewController.swift */; };
		9E2C5BEB26A8A66600F859C5 /* QuickLinksViewController.swift in Sources */ = {isa = PBXBuildFile; fileRef = 9E2C5BEA26A8A66600F859C5 /* QuickLinksViewController.swift */; };
/* End PBXBuildFile section */

/* Begin PBXContainerItemProxy section */
		711988F026A76BF5009831E9 /* PBXContainerItemProxy */ = {
			isa = PBXContainerItemProxy;
			containerPortal = 711988CE26A76BF3009831E9 /* Project object */;
			proxyType = 1;
			remoteGlobalIDString = 711988D526A76BF3009831E9;
			remoteInfo = KWK2021FinalProject;
		};
		711988FB26A76BF5009831E9 /* PBXContainerItemProxy */ = {
			isa = PBXContainerItemProxy;
			containerPortal = 711988CE26A76BF3009831E9 /* Project object */;
			proxyType = 1;
			remoteGlobalIDString = 711988D526A76BF3009831E9;
			remoteInfo = KWK2021FinalProject;
		};
/* End PBXContainerItemProxy section */

/* Begin PBXFileReference section */
		711988D626A76BF3009831E9 /* KWK2021FinalProject.app */ = {isa = PBXFileReference; explicitFileType = wrapper.application; includeInIndex = 0; path = KWK2021FinalProject.app; sourceTree = BUILT_PRODUCTS_DIR; };
		711988D926A76BF3009831E9 /* AppDelegate.swift */ = {isa = PBXFileReference; lastKnownFileType = sourcecode.swift; path = AppDelegate.swift; sourceTree = "<group>"; };
		711988DB26A76BF3009831E9 /* SceneDelegate.swift */ = {isa = PBXFileReference; lastKnownFileType = sourcecode.swift; path = SceneDelegate.swift; sourceTree = "<group>"; };
		711988DD26A76BF3009831E9 /* ViewController.swift */ = {isa = PBXFileReference; lastKnownFileType = sourcecode.swift; path = ViewController.swift; sourceTree = "<group>"; };
		711988E026A76BF3009831E9 /* Base */ = {isa = PBXFileReference; lastKnownFileType = file.storyboard; name = Base; path = Base.lproj/Main.storyboard; sourceTree = "<group>"; };
		711988E326A76BF3009831E9 /* KWK2021FinalProject.xcdatamodel */ = {isa = PBXFileReference; lastKnownFileType = wrapper.xcdatamodel; path = KWK2021FinalProject.xcdatamodel; sourceTree = "<group>"; };
		711988E526A76BF5009831E9 /* Assets.xcassets */ = {isa = PBXFileReference; lastKnownFileType = folder.assetcatalog; path = Assets.xcassets; sourceTree = "<group>"; };
		711988E826A76BF5009831E9 /* Base */ = {isa = PBXFileReference; lastKnownFileType = file.storyboard; name = Base; path = Base.lproj/LaunchScreen.storyboard; sourceTree = "<group>"; };
		711988EA26A76BF5009831E9 /* Info.plist */ = {isa = PBXFileReference; lastKnownFileType = text.plist.xml; path = Info.plist; sourceTree = "<group>"; };
		711988EF26A76BF5009831E9 /* KWK2021FinalProjectTests.xctest */ = {isa = PBXFileReference; explicitFileType = wrapper.cfbundle; includeInIndex = 0; path = KWK2021FinalProjectTests.xctest; sourceTree = BUILT_PRODUCTS_DIR; };
		711988F326A76BF5009831E9 /* KWK2021FinalProjectTests.swift */ = {isa = PBXFileReference; lastKnownFileType = sourcecode.swift; path = KWK2021FinalProjectTests.swift; sourceTree = "<group>"; };
		711988F526A76BF5009831E9 /* Info.plist */ = {isa = PBXFileReference; lastKnownFileType = text.plist.xml; path = Info.plist; sourceTree = "<group>"; };
		711988FA26A76BF5009831E9 /* KWK2021FinalProjectUITests.xctest */ = {isa = PBXFileReference; explicitFileType = wrapper.cfbundle; includeInIndex = 0; path = KWK2021FinalProjectUITests.xctest; sourceTree = BUILT_PRODUCTS_DIR; };
		711988FE26A76BF5009831E9 /* KWK2021FinalProjectUITests.swift */ = {isa = PBXFileReference; lastKnownFileType = sourcecode.swift; path = KWK2021FinalProjectUITests.swift; sourceTree = "<group>"; };
		7119890026A76BF5009831E9 /* Info.plist */ = {isa = PBXFileReference; lastKnownFileType = text.plist.xml; path = Info.plist; sourceTree = "<group>"; };
		7119890E26A9EFDE009831E9 /* ToDoTableViewController.swift */ = {isa = PBXFileReference; lastKnownFileType = sourcecode.swift; path = ToDoTableViewController.swift; sourceTree = "<group>"; };
		7119891026A9F053009831E9 /* ToDo.swift */ = {isa = PBXFileReference; lastKnownFileType = sourcecode.swift; path = ToDo.swift; sourceTree = "<group>"; };
		7119891226AA0A23009831E9 /* AddToDoViewController.swift */ = {isa = PBXFileReference; lastKnownFileType = sourcecode.swift; path = AddToDoViewController.swift; sourceTree = "<group>"; };
		9E2C5BE826A8A61C00F859C5 /* AnnouncementsViewController.swift */ = {isa = PBXFileReference; lastKnownFileType = sourcecode.swift; path = AnnouncementsViewController.swift; sourceTree = "<group>"; };
		9E2C5BEA26A8A66600F859C5 /* QuickLinksViewController.swift */ = {isa = PBXFileReference; lastKnownFileType = sourcecode.swift; path = QuickLinksViewController.swift; sourceTree = "<group>"; };
/* End PBXFileReference section */

/* Begin PBXFrameworksBuildPhase section */
		711988D326A76BF3009831E9 /* Frameworks */ = {
			isa = PBXFrameworksBuildPhase;
			buildActionMask = 2147483647;
			files = (
			);
			runOnlyForDeploymentPostprocessing = 0;
		};
		711988EC26A76BF5009831E9 /* Frameworks */ = {
			isa = PBXFrameworksBuildPhase;
			buildActionMask = 2147483647;
			files = (
			);
			runOnlyForDeploymentPostprocessing = 0;
		};
		711988F726A76BF5009831E9 /* Frameworks */ = {
			isa = PBXFrameworksBuildPhase;
			buildActionMask = 2147483647;
			files = (
			);
			runOnlyForDeploymentPostprocessing = 0;
		};
/* End PBXFrameworksBuildPhase section */

/* Begin PBXGroup section */
		711988CD26A76BF3009831E9 = {
			isa = PBXGroup;
			children = (
				711988D826A76BF3009831E9 /* KWK2021FinalProject */,
				711988F226A76BF5009831E9 /* KWK2021FinalProjectTests */,
				711988FD26A76BF5009831E9 /* KWK2021FinalProjectUITests */,
				711988D726A76BF3009831E9 /* Products */,
			);
			sourceTree = "<group>";
		};
		711988D726A76BF3009831E9 /* Products */ = {
			isa = PBXGroup;
			children = (
				711988D626A76BF3009831E9 /* KWK2021FinalProject.app */,
				711988EF26A76BF5009831E9 /* KWK2021FinalProjectTests.xctest */,
				711988FA26A76BF5009831E9 /* KWK2021FinalProjectUITests.xctest */,
			);
			name = Products;
			sourceTree = "<group>";
		};
		711988D826A76BF3009831E9 /* KWK2021FinalProject */ = {
			isa = PBXGroup;
			children = (
				711988D926A76BF3009831E9 /* AppDelegate.swift */,
				711988DB26A76BF3009831E9 /* SceneDelegate.swift */,
				711988DD26A76BF3009831E9 /* ViewController.swift */,
				711988DF26A76BF3009831E9 /* Main.storyboard */,
				711988E526A76BF5009831E9 /* Assets.xcassets */,
				711988E726A76BF5009831E9 /* LaunchScreen.storyboard */,
				711988EA26A76BF5009831E9 /* Info.plist */,
				711988E226A76BF3009831E9 /* KWK2021FinalProject.xcdatamodeld */,
				9E2C5BE826A8A61C00F859C5 /* AnnouncementsViewController.swift */,
				9E2C5BEA26A8A66600F859C5 /* QuickLinksViewController.swift */,
				7119890E26A9EFDE009831E9 /* ToDoTableViewController.swift */,
				7119891026A9F053009831E9 /* ToDo.swift */,
				7119891226AA0A23009831E9 /* AddToDoViewController.swift */,
			);
			path = KWK2021FinalProject;
			sourceTree = "<group>";
		};
		711988F226A76BF5009831E9 /* KWK2021FinalProjectTests */ = {
			isa = PBXGroup;
			children = (
				711988F326A76BF5009831E9 /* KWK2021FinalProjectTests.swift */,
				711988F526A76BF5009831E9 /* Info.plist */,
			);
			path = KWK2021FinalProjectTests;
			sourceTree = "<group>";
		};
		711988FD26A76BF5009831E9 /* KWK2021FinalProjectUITests */ = {
			isa = PBXGroup;
			children = (
				711988FE26A76BF5009831E9 /* KWK2021FinalProjectUITests.swift */,
				7119890026A76BF5009831E9 /* Info.plist */,
			);
			path = KWK2021FinalProjectUITests;
			sourceTree = "<group>";
		};
/* End PBXGroup section */

/* Begin PBXNativeTarget section */
		711988D526A76BF3009831E9 /* KWK2021FinalProject */ = {
			isa = PBXNativeTarget;
			buildConfigurationList = 7119890326A76BF5009831E9 /* Build configuration list for PBXNativeTarget "KWK2021FinalProject" */;
			buildPhases = (
				711988D226A76BF3009831E9 /* Sources */,
				711988D326A76BF3009831E9 /* Frameworks */,
				711988D426A76BF3009831E9 /* Resources */,
			);
			buildRules = (
			);
			dependencies = (
			);
			name = KWK2021FinalProject;
			productName = KWK2021FinalProject;
			productReference = 711988D626A76BF3009831E9 /* KWK2021FinalProject.app */;
			productType = "com.apple.product-type.application";
		};
		711988EE26A76BF5009831E9 /* KWK2021FinalProjectTests */ = {
			isa = PBXNativeTarget;
			buildConfigurationList = 7119890626A76BF5009831E9 /* Build configuration list for PBXNativeTarget "KWK2021FinalProjectTests" */;
			buildPhases = (
				711988EB26A76BF5009831E9 /* Sources */,
				711988EC26A76BF5009831E9 /* Frameworks */,
				711988ED26A76BF5009831E9 /* Resources */,
			);
			buildRules = (
			);
			dependencies = (
				711988F126A76BF5009831E9 /* PBXTargetDependency */,
			);
			name = KWK2021FinalProjectTests;
			productName = KWK2021FinalProjectTests;
			productReference = 711988EF26A76BF5009831E9 /* KWK2021FinalProjectTests.xctest */;
			productType = "com.apple.product-type.bundle.unit-test";
		};
		711988F926A76BF5009831E9 /* KWK2021FinalProjectUITests */ = {
			isa = PBXNativeTarget;
			buildConfigurationList = 7119890926A76BF5009831E9 /* Build configuration list for PBXNativeTarget "KWK2021FinalProjectUITests" */;
			buildPhases = (
				711988F626A76BF5009831E9 /* Sources */,
				711988F726A76BF5009831E9 /* Frameworks */,
				711988F826A76BF5009831E9 /* Resources */,
			);
			buildRules = (
			);
			dependencies = (
				711988FC26A76BF5009831E9 /* PBXTargetDependency */,
			);
			name = KWK2021FinalProjectUITests;
			productName = KWK2021FinalProjectUITests;
			productReference = 711988FA26A76BF5009831E9 /* KWK2021FinalProjectUITests.xctest */;
			productType = "com.apple.product-type.bundle.ui-testing";
		};
/* End PBXNativeTarget section */

/* Begin PBXProject section */
		711988CE26A76BF3009831E9 /* Project object */ = {
			isa = PBXProject;
			attributes = {
				LastSwiftUpdateCheck = 1250;
				LastUpgradeCheck = 1250;
				TargetAttributes = {
					711988D526A76BF3009831E9 = {
						CreatedOnToolsVersion = 12.5.1;
					};
					711988EE26A76BF5009831E9 = {
						CreatedOnToolsVersion = 12.5.1;
						TestTargetID = 711988D526A76BF3009831E9;
					};
					711988F926A76BF5009831E9 = {
						CreatedOnToolsVersion = 12.5.1;
						TestTargetID = 711988D526A76BF3009831E9;
					};
				};
			};
			buildConfigurationList = 711988D126A76BF3009831E9 /* Build configuration list for PBXProject "KWK2021FinalProject" */;
			compatibilityVersion = "Xcode 9.3";
			developmentRegion = en;
			hasScannedForEncodings = 0;
			knownRegions = (
				en,
				Base,
			);
			mainGroup = 711988CD26A76BF3009831E9;
			productRefGroup = 711988D726A76BF3009831E9 /* Products */;
			projectDirPath = "";
			projectRoot = "";
			targets = (
				711988D526A76BF3009831E9 /* KWK2021FinalProject */,
				711988EE26A76BF5009831E9 /* KWK2021FinalProjectTests */,
				711988F926A76BF5009831E9 /* KWK2021FinalProjectUITests */,
			);
		};
/* End PBXProject section */

/* Begin PBXResourcesBuildPhase section */
		711988D426A76BF3009831E9 /* Resources */ = {
			isa = PBXResourcesBuildPhase;
			buildActionMask = 2147483647;
			files = (
				711988E926A76BF5009831E9 /* LaunchScreen.storyboard in Resources */,
				711988E626A76BF5009831E9 /* Assets.xcassets in Resources */,
				711988E126A76BF3009831E9 /* Main.storyboard in Resources */,
			);
			runOnlyForDeploymentPostprocessing = 0;
		};
		711988ED26A76BF5009831E9 /* Resources */ = {
			isa = PBXResourcesBuildPhase;
			buildActionMask = 2147483647;
			files = (
			);
			runOnlyForDeploymentPostprocessing = 0;
		};
		711988F826A76BF5009831E9 /* Resources */ = {
			isa = PBXResourcesBuildPhase;
			buildActionMask = 2147483647;
			files = (
			);
			runOnlyForDeploymentPostprocessing = 0;
		};
/* End PBXResourcesBuildPhase section */

/* Begin PBXSourcesBuildPhase section */
		711988D226A76BF3009831E9 /* Sources */ = {
			isa = PBXSourcesBuildPhase;
			buildActionMask = 2147483647;
			files = (
				9E2C5BEB26A8A66600F859C5 /* QuickLinksViewController.swift in Sources */,
				711988DE26A76BF3009831E9 /* ViewController.swift in Sources */,
				7119890F26A9EFDE009831E9 /* ToDoTableViewController.swift in Sources */,
				7119891126A9F053009831E9 /* ToDo.swift in Sources */,
				7119891326AA0A23009831E9 /* AddToDoViewController.swift in Sources */,
				711988DA26A76BF3009831E9 /* AppDelegate.swift in Sources */,
				9E2C5BE926A8A61C00F859C5 /* AnnouncementsViewController.swift in Sources */,
				711988E426A76BF3009831E9 /* KWK2021FinalProject.xcdatamodeld in Sources */,
				711988DC26A76BF3009831E9 /* SceneDelegate.swift in Sources */,
			);
			runOnlyForDeploymentPostprocessing = 0;
		};
		711988EB26A76BF5009831E9 /* Sources */ = {
			isa = PBXSourcesBuildPhase;
			buildActionMask = 2147483647;
			files = (
				711988F426A76BF5009831E9 /* KWK2021FinalProjectTests.swift in Sources */,
			);
			runOnlyForDeploymentPostprocessing = 0;
		};
		711988F626A76BF5009831E9 /* Sources */ = {
			isa = PBXSourcesBuildPhase;
			buildActionMask = 2147483647;
			files = (
				711988FF26A76BF5009831E9 /* KWK2021FinalProjectUITests.swift in Sources */,
			);
			runOnlyForDeploymentPostprocessing = 0;
		};
/* End PBXSourcesBuildPhase section */

/* Begin PBXTargetDependency section */
		711988F126A76BF5009831E9 /* PBXTargetDependency */ = {
			isa = PBXTargetDependency;
			target = 711988D526A76BF3009831E9 /* KWK2021FinalProject */;
			targetProxy = 711988F026A76BF5009831E9 /* PBXContainerItemProxy */;
		};
		711988FC26A76BF5009831E9 /* PBXTargetDependency */ = {
			isa = PBXTargetDependency;
			target = 711988D526A76BF3009831E9 /* KWK2021FinalProject */;
			targetProxy = 711988FB26A76BF5009831E9 /* PBXContainerItemProxy */;
		};
/* End PBXTargetDependency section */

/* Begin PBXVariantGroup section */
		711988DF26A76BF3009831E9 /* Main.storyboard */ = {
			isa = PBXVariantGroup;
			children = (
				711988E026A76BF3009831E9 /* Base */,
			);
			name = Main.storyboard;
			sourceTree = "<group>";
		};
		711988E726A76BF5009831E9 /* LaunchScreen.storyboard */ = {
			isa = PBXVariantGroup;
			children = (
				711988E826A76BF5009831E9 /* Base */,
			);
			name = LaunchScreen.storyboard;
			sourceTree = "<group>";
		};
/* End PBXVariantGroup section */

/* Begin XCBuildConfiguration section */
		7119890126A76BF5009831E9 /* Debug */ = {
			isa = XCBuildConfiguration;
			buildSettings = {
				ALWAYS_SEARCH_USER_PATHS = NO;
				CLANG_ANALYZER_NONNULL = YES;
				CLANG_ANALYZER_NUMBER_OBJECT_CONVERSION = YES_AGGRESSIVE;
				CLANG_CXX_LANGUAGE_STANDARD = "gnu++14";
				CLANG_CXX_LIBRARY = "libc++";
				CLANG_ENABLE_MODULES = YES;
				CLANG_ENABLE_OBJC_ARC = YES;
				CLANG_ENABLE_OBJC_WEAK = YES;
				CLANG_WARN_BLOCK_CAPTURE_AUTORELEASING = YES;
				CLANG_WARN_BOOL_CONVERSION = YES;
				CLANG_WARN_COMMA = YES;
				CLANG_WARN_CONSTANT_CONVERSION = YES;
				CLANG_WARN_DEPRECATED_OBJC_IMPLEMENTATIONS = YES;
				CLANG_WARN_DIRECT_OBJC_ISA_USAGE = YES_ERROR;
				CLANG_WARN_DOCUMENTATION_COMMENTS = YES;
				CLANG_WARN_EMPTY_BODY = YES;
				CLANG_WARN_ENUM_CONVERSION = YES;
				CLANG_WARN_INFINITE_RECURSION = YES;
				CLANG_WARN_INT_CONVERSION = YES;
				CLANG_WARN_NON_LITERAL_NULL_CONVERSION = YES;
				CLANG_WARN_OBJC_IMPLICIT_RETAIN_SELF = YES;
				CLANG_WARN_OBJC_LITERAL_CONVERSION = YES;
				CLANG_WARN_OBJC_ROOT_CLASS = YES_ERROR;
				CLANG_WARN_QUOTED_INCLUDE_IN_FRAMEWORK_HEADER = YES;
				CLANG_WARN_RANGE_LOOP_ANALYSIS = YES;
				CLANG_WARN_STRICT_PROTOTYPES = YES;
				CLANG_WARN_SUSPICIOUS_MOVE = YES;
				CLANG_WARN_UNGUARDED_AVAILABILITY = YES_AGGRESSIVE;
				CLANG_WARN_UNREACHABLE_CODE = YES;
				CLANG_WARN__DUPLICATE_METHOD_MATCH = YES;
				COPY_PHASE_STRIP = NO;
				DEBUG_INFORMATION_FORMAT = dwarf;
				ENABLE_STRICT_OBJC_MSGSEND = YES;
				ENABLE_TESTABILITY = YES;
				GCC_C_LANGUAGE_STANDARD = gnu11;
				GCC_DYNAMIC_NO_PIC = NO;
				GCC_NO_COMMON_BLOCKS = YES;
				GCC_OPTIMIZATION_LEVEL = 0;
				GCC_PREPROCESSOR_DEFINITIONS = (
					"DEBUG=1",
					"$(inherited)",
				);
				GCC_WARN_64_TO_32_BIT_CONVERSION = YES;
				GCC_WARN_ABOUT_RETURN_TYPE = YES_ERROR;
				GCC_WARN_UNDECLARED_SELECTOR = YES;
				GCC_WARN_UNINITIALIZED_AUTOS = YES_AGGRESSIVE;
				GCC_WARN_UNUSED_FUNCTION = YES;
				GCC_WARN_UNUSED_VARIABLE = YES;
				IPHONEOS_DEPLOYMENT_TARGET = 14.5;
				MTL_ENABLE_DEBUG_INFO = INCLUDE_SOURCE;
				MTL_FAST_MATH = YES;
				ONLY_ACTIVE_ARCH = YES;
				SDKROOT = iphoneos;
				SWIFT_ACTIVE_COMPILATION_CONDITIONS = DEBUG;
				SWIFT_OPTIMIZATION_LEVEL = "-Onone";
			};
			name = Debug;
		};
		7119890226A76BF5009831E9 /* Release */ = {
			isa = XCBuildConfiguration;
			buildSettings = {
				ALWAYS_SEARCH_USER_PATHS = NO;
				CLANG_ANALYZER_NONNULL = YES;
				CLANG_ANALYZER_NUMBER_OBJECT_CONVERSION = YES_AGGRESSIVE;
				CLANG_CXX_LANGUAGE_STANDARD = "gnu++14";
				CLANG_CXX_LIBRARY = "libc++";
				CLANG_ENABLE_MODULES = YES;
				CLANG_ENABLE_OBJC_ARC = YES;
				CLANG_ENABLE_OBJC_WEAK = YES;
				CLANG_WARN_BLOCK_CAPTURE_AUTORELEASING = YES;
				CLANG_WARN_BOOL_CONVERSION = YES;
				CLANG_WARN_COMMA = YES;
				CLANG_WARN_CONSTANT_CONVERSION = YES;
				CLANG_WARN_DEPRECATED_OBJC_IMPLEMENTATIONS = YES;
				CLANG_WARN_DIRECT_OBJC_ISA_USAGE = YES_ERROR;
				CLANG_WARN_DOCUMENTATION_COMMENTS = YES;
				CLANG_WARN_EMPTY_BODY = YES;
				CLANG_WARN_ENUM_CONVERSION = YES;
				CLANG_WARN_INFINITE_RECURSION = YES;
				CLANG_WARN_INT_CONVERSION = YES;
				CLANG_WARN_NON_LITERAL_NULL_CONVERSION = YES;
				CLANG_WARN_OBJC_IMPLICIT_RETAIN_SELF = YES;
				CLANG_WARN_OBJC_LITERAL_CONVERSION = YES;
				CLANG_WARN_OBJC_ROOT_CLASS = YES_ERROR;
				CLANG_WARN_QUOTED_INCLUDE_IN_FRAMEWORK_HEADER = YES;
				CLANG_WARN_RANGE_LOOP_ANALYSIS = YES;
				CLANG_WARN_STRICT_PROTOTYPES = YES;
				CLANG_WARN_SUSPICIOUS_MOVE = YES;
				CLANG_WARN_UNGUARDED_AVAILABILITY = YES_AGGRESSIVE;
				CLANG_WARN_UNREACHABLE_CODE = YES;
				CLANG_WARN__DUPLICATE_METHOD_MATCH = YES;
				COPY_PHASE_STRIP = NO;
				DEBUG_INFORMATION_FORMAT = "dwarf-with-dsym";
				ENABLE_NS_ASSERTIONS = NO;
				ENABLE_STRICT_OBJC_MSGSEND = YES;
				GCC_C_LANGUAGE_STANDARD = gnu11;
				GCC_NO_COMMON_BLOCKS = YES;
				GCC_WARN_64_TO_32_BIT_CONVERSION = YES;
				GCC_WARN_ABOUT_RETURN_TYPE = YES_ERROR;
				GCC_WARN_UNDECLARED_SELECTOR = YES;
				GCC_WARN_UNINITIALIZED_AUTOS = YES_AGGRESSIVE;
				GCC_WARN_UNUSED_FUNCTION = YES;
				GCC_WARN_UNUSED_VARIABLE = YES;
				IPHONEOS_DEPLOYMENT_TARGET = 14.5;
				MTL_ENABLE_DEBUG_INFO = NO;
				MTL_FAST_MATH = YES;
				SDKROOT = iphoneos;
				SWIFT_COMPILATION_MODE = wholemodule;
				SWIFT_OPTIMIZATION_LEVEL = "-O";
				VALIDATE_PRODUCT = YES;
			};
			name = Release;
		};
		7119890426A76BF5009831E9 /* Debug */ = {
			isa = XCBuildConfiguration;
			buildSettings = {
				ASSETCATALOG_COMPILER_APPICON_NAME = AppIcon;
				ASSETCATALOG_COMPILER_GLOBAL_ACCENT_COLOR_NAME = AccentColor;
				CODE_SIGN_STYLE = Automatic;
				INFOPLIST_FILE = KWK2021FinalProject/Info.plist;
				LD_RUNPATH_SEARCH_PATHS = (
					"$(inherited)",
					"@executable_path/Frameworks",
				);
				PRODUCT_BUNDLE_IDENTIFIER = "kwk-2021.KWK2021FinalProject";
				PRODUCT_NAME = "$(TARGET_NAME)";
				SWIFT_VERSION = 5.0;
				TARGETED_DEVICE_FAMILY = "1,2";
			};
			name = Debug;
		};
		7119890526A76BF5009831E9 /* Release */ = {
			isa = XCBuildConfiguration;
			buildSettings = {
				ASSETCATALOG_COMPILER_APPICON_NAME = AppIcon;
				ASSETCATALOG_COMPILER_GLOBAL_ACCENT_COLOR_NAME = AccentColor;
				CODE_SIGN_STYLE = Automatic;
				INFOPLIST_FILE = KWK2021FinalProject/Info.plist;
				LD_RUNPATH_SEARCH_PATHS = (
					"$(inherited)",
					"@executable_path/Frameworks",
				);
				PRODUCT_BUNDLE_IDENTIFIER = "kwk-2021.KWK2021FinalProject";
				PRODUCT_NAME = "$(TARGET_NAME)";
				SWIFT_VERSION = 5.0;
				TARGETED_DEVICE_FAMILY = "1,2";
			};
			name = Release;
		};
		7119890726A76BF5009831E9 /* Debug */ = {
			isa = XCBuildConfiguration;
			buildSettings = {
				ALWAYS_EMBED_SWIFT_STANDARD_LIBRARIES = YES;
				BUNDLE_LOADER = "$(TEST_HOST)";
				CODE_SIGN_STYLE = Automatic;
				INFOPLIST_FILE = KWK2021FinalProjectTests/Info.plist;
				IPHONEOS_DEPLOYMENT_TARGET = 14.5;
				LD_RUNPATH_SEARCH_PATHS = (
					"$(inherited)",
					"@executable_path/Frameworks",
					"@loader_path/Frameworks",
				);
				PRODUCT_BUNDLE_IDENTIFIER = "kwk-2021.KWK2021FinalProjectTests";
				PRODUCT_NAME = "$(TARGET_NAME)";
				SWIFT_VERSION = 5.0;
				TARGETED_DEVICE_FAMILY = "1,2";
				TEST_HOST = "$(BUILT_PRODUCTS_DIR)/KWK2021FinalProject.app/KWK2021FinalProject";
			};
			name = Debug;
		};
		7119890826A76BF5009831E9 /* Release */ = {
			isa = XCBuildConfiguration;
			buildSettings = {
				ALWAYS_EMBED_SWIFT_STANDARD_LIBRARIES = YES;
				BUNDLE_LOADER = "$(TEST_HOST)";
				CODE_SIGN_STYLE = Automatic;
				INFOPLIST_FILE = KWK2021FinalProjectTests/Info.plist;
				IPHONEOS_DEPLOYMENT_TARGET = 14.5;
				LD_RUNPATH_SEARCH_PATHS = (
					"$(inherited)",
					"@executable_path/Frameworks",
					"@loader_path/Frameworks",
				);
				PRODUCT_BUNDLE_IDENTIFIER = "kwk-2021.KWK2021FinalProjectTests";
				PRODUCT_NAME = "$(TARGET_NAME)";
				SWIFT_VERSION = 5.0;
				TARGETED_DEVICE_FAMILY = "1,2";
				TEST_HOST = "$(BUILT_PRODUCTS_DIR)/KWK2021FinalProject.app/KWK2021FinalProject";
			};
			name = Release;
		};
		7119890A26A76BF5009831E9 /* Debug */ = {
			isa = XCBuildConfiguration;
			buildSettings = {
				ALWAYS_EMBED_SWIFT_STANDARD_LIBRARIES = YES;
				CODE_SIGN_STYLE = Automatic;
				INFOPLIST_FILE = KWK2021FinalProjectUITests/Info.plist;
				LD_RUNPATH_SEARCH_PATHS = (
					"$(inherited)",
					"@executable_path/Frameworks",
					"@loader_path/Frameworks",
				);
				PRODUCT_BUNDLE_IDENTIFIER = "kwk-2021.KWK2021FinalProjectUITests";
				PRODUCT_NAME = "$(TARGET_NAME)";
				SWIFT_VERSION = 5.0;
				TARGETED_DEVICE_FAMILY = "1,2";
				TEST_TARGET_NAME = KWK2021FinalProject;
			};
			name = Debug;
		};
		7119890B26A76BF5009831E9 /* Release */ = {
			isa = XCBuildConfiguration;
			buildSettings = {
				ALWAYS_EMBED_SWIFT_STANDARD_LIBRARIES = YES;
				CODE_SIGN_STYLE = Automatic;
				INFOPLIST_FILE = KWK2021FinalProjectUITests/Info.plist;
				LD_RUNPATH_SEARCH_PATHS = (
					"$(inherited)",
					"@executable_path/Frameworks",
					"@loader_path/Frameworks",
				);
				PRODUCT_BUNDLE_IDENTIFIER = "kwk-2021.KWK2021FinalProjectUITests";
				PRODUCT_NAME = "$(TARGET_NAME)";
				SWIFT_VERSION = 5.0;
				TARGETED_DEVICE_FAMILY = "1,2";
				TEST_TARGET_NAME = KWK2021FinalProject;
			};
			name = Release;
		};
/* End XCBuildConfiguration section */

/* Begin XCConfigurationList section */
		711988D126A76BF3009831E9 /* Build configuration list for PBXProject "KWK2021FinalProject" */ = {
			isa = XCConfigurationList;
			buildConfigurations = (
				7119890126A76BF5009831E9 /* Debug */,
				7119890226A76BF5009831E9 /* Release */,
			);
			defaultConfigurationIsVisible = 0;
			defaultConfigurationName = Release;
		};
		7119890326A76BF5009831E9 /* Build configuration list for PBXNativeTarget "KWK2021FinalProject" */ = {
			isa = XCConfigurationList;
			buildConfigurations = (
				7119890426A76BF5009831E9 /* Debug */,
				7119890526A76BF5009831E9 /* Release */,
			);
			defaultConfigurationIsVisible = 0;
			defaultConfigurationName = Release;
		};
		7119890626A76BF5009831E9 /* Build configuration list for PBXNativeTarget "KWK2021FinalProjectTests" */ = {
			isa = XCConfigurationList;
			buildConfigurations = (
				7119890726A76BF5009831E9 /* Debug */,
				7119890826A76BF5009831E9 /* Release */,
			);
			defaultConfigurationIsVisible = 0;
			defaultConfigurationName = Release;
		};
		7119890926A76BF5009831E9 /* Build configuration list for PBXNativeTarget "KWK2021FinalProjectUITests" */ = {
			isa = XCConfigurationList;
			buildConfigurations = (
				7119890A26A76BF5009831E9 /* Debug */,
				7119890B26A76BF5009831E9 /* Release */,
			);
			defaultConfigurationIsVisible = 0;
			defaultConfigurationName = Release;
		};
/* End XCConfigurationList section */

/* Begin XCVersionGroup section */
		711988E226A76BF3009831E9 /* KWK2021FinalProject.xcdatamodeld */ = {
			isa = XCVersionGroup;
			children = (
				711988E326A76BF3009831E9 /* KWK2021FinalProject.xcdatamodel */,
			);
			currentVersion = 711988E326A76BF3009831E9 /* KWK2021FinalProject.xcdatamodel */;
			path = KWK2021FinalProject.xcdatamodeld;
			sourceTree = "<group>";
			versionGroupType = wrapper.xcdatamodel;
		};
/* End XCVersionGroup section */
	};
	rootObject = 711988CE26A76BF3009831E9 /* Project object */;
}
